// !$*UTF8*$!
{
	archiveVersion = 1;
	classes = {
	};
	objectVersion = 55;
	objects = {

/* Begin PBXBuildFile section */
		B5E835B42818009F00D36CF7 /* Natty_s_cribApp.swift in Sources */ = {isa = PBXBuildFile; fileRef = B5E835B32818009F00D36CF7 /* Natty_s_cribApp.swift */; };
		B5E835B62818009F00D36CF7 /* ContentView.swift in Sources */ = {isa = PBXBuildFile; fileRef = B5E835B52818009F00D36CF7 /* ContentView.swift */; };
		B5E835B8281800A100D36CF7 /* Assets.xcassets in Resources */ = {isa = PBXBuildFile; fileRef = B5E835B7281800A100D36CF7 /* Assets.xcassets */; };
		B5E835BB281800A100D36CF7 /* Preview Assets.xcassets in Resources */ = {isa = PBXBuildFile; fileRef = B5E835BA281800A100D36CF7 /* Preview Assets.xcassets */; };
		B5E835C5281800A100D36CF7 /* Natty_s_cribTests.swift in Sources */ = {isa = PBXBuildFile; fileRef = B5E835C4281800A100D36CF7 /* Natty_s_cribTests.swift */; };
		B5E835CF281800A100D36CF7 /* Natty_s_cribUITests.swift in Sources */ = {isa = PBXBuildFile; fileRef = B5E835CE281800A100D36CF7 /* Natty_s_cribUITests.swift */; };
		B5E835D1281800A100D36CF7 /* Natty_s_cribUITestsLaunchTests.swift in Sources */ = {isa = PBXBuildFile; fileRef = B5E835D0281800A100D36CF7 /* Natty_s_cribUITestsLaunchTests.swift */; };
/* End PBXBuildFile section */

/* Begin PBXContainerItemProxy section */
		B5E835C1281800A100D36CF7 /* PBXContainerItemProxy */ = {
			isa = PBXContainerItemProxy;
			containerPortal = B5E835A82818009F00D36CF7 /* Project object */;
			proxyType = 1;
			remoteGlobalIDString = B5E835AF2818009F00D36CF7;
			remoteInfo = "Natty's crib";
		};
		B5E835CB281800A100D36CF7 /* PBXContainerItemProxy */ = {
			isa = PBXContainerItemProxy;
			containerPortal = B5E835A82818009F00D36CF7 /* Project object */;
			proxyType = 1;
			remoteGlobalIDString = B5E835AF2818009F00D36CF7;
			remoteInfo = "Natty's crib";
		};
/* End PBXContainerItemProxy section */

/* Begin PBXFileReference section */
		B5E835B02818009F00D36CF7 /* Natty's crib.app */ = {isa = PBXFileReference; explicitFileType = wrapper.application; includeInIndex = 0; path = "Natty's crib.app"; sourceTree = BUILT_PRODUCTS_DIR; };
		B5E835B32818009F00D36CF7 /* Natty_s_cribApp.swift */ = {isa = PBXFileReference; lastKnownFileType = sourcecode.swift; path = Natty_s_cribApp.swift; sourceTree = "<group>"; };
		B5E835B52818009F00D36CF7 /* ContentView.swift */ = {isa = PBXFileReference; lastKnownFileType = sourcecode.swift; path = ContentView.swift; sourceTree = "<group>"; };
		B5E835B7281800A100D36CF7 /* Assets.xcassets */ = {isa = PBXFileReference; lastKnownFileType = folder.assetcatalog; path = Assets.xcassets; sourceTree = "<group>"; };
		B5E835BA281800A100D36CF7 /* Preview Assets.xcassets */ = {isa = PBXFileReference; lastKnownFileType = folder.assetcatalog; path = "Preview Assets.xcassets"; sourceTree = "<group>"; };
		B5E835C0281800A100D36CF7 /* Natty's cribTests.xctest */ = {isa = PBXFileReference; explicitFileType = wrapper.cfbundle; includeInIndex = 0; path = "Natty's cribTests.xctest"; sourceTree = BUILT_PRODUCTS_DIR; };
		B5E835C4281800A100D36CF7 /* Natty_s_cribTests.swift */ = {isa = PBXFileReference; lastKnownFileType = sourcecode.swift; path = Natty_s_cribTests.swift; sourceTree = "<group>"; };
		B5E835CA281800A100D36CF7 /* Natty's cribUITests.xctest */ = {isa = PBXFileReference; explicitFileType = wrapper.cfbundle; includeInIndex = 0; path = "Natty's cribUITests.xctest"; sourceTree = BUILT_PRODUCTS_DIR; };
		B5E835CE281800A100D36CF7 /* Natty_s_cribUITests.swift */ = {isa = PBXFileReference; lastKnownFileType = sourcecode.swift; path = Natty_s_cribUITests.swift; sourceTree = "<group>"; };
		B5E835D0281800A100D36CF7 /* Natty_s_cribUITestsLaunchTests.swift */ = {isa = PBXFileReference; lastKnownFileType = sourcecode.swift; path = Natty_s_cribUITestsLaunchTests.swift; sourceTree = "<group>"; };
/* End PBXFileReference section */

/* Begin PBXFrameworksBuildPhase section */
		B5E835AD2818009F00D36CF7 /* Frameworks */ = {
			isa = PBXFrameworksBuildPhase;
			buildActionMask = 2147483647;
			files = (
			);
			runOnlyForDeploymentPostprocessing = 0;
		};
		B5E835BD281800A100D36CF7 /* Frameworks */ = {
			isa = PBXFrameworksBuildPhase;
			buildActionMask = 2147483647;
			files = (
			);
			runOnlyForDeploymentPostprocessing = 0;
		};
		B5E835C7281800A100D36CF7 /* Frameworks */ = {
			isa = PBXFrameworksBuildPhase;
			buildActionMask = 2147483647;
			files = (
			);
			runOnlyForDeploymentPostprocessing = 0;
		};
/* End PBXFrameworksBuildPhase section */

/* Begin PBXGroup section */
		B5E835A72818009F00D36CF7 = {
			isa = PBXGroup;
			children = (
				B5E835B22818009F00D36CF7 /* Natty's crib */,
				B5E835C3281800A100D36CF7 /* Natty's cribTests */,
				B5E835CD281800A100D36CF7 /* Natty's cribUITests */,
				B5E835B12818009F00D36CF7 /* Products */,
			);
			sourceTree = "<group>";
		};
		B5E835B12818009F00D36CF7 /* Products */ = {
			isa = PBXGroup;
			children = (
				B5E835B02818009F00D36CF7 /* Natty's crib.app */,
				B5E835C0281800A100D36CF7 /* Natty's cribTests.xctest */,
				B5E835CA281800A100D36CF7 /* Natty's cribUITests.xctest */,
			);
			name = Products;
			sourceTree = "<group>";
		};
		B5E835B22818009F00D36CF7 /* Natty's crib */ = {
			isa = PBXGroup;
			children = (
				B5E835B32818009F00D36CF7 /* Natty_s_cribApp.swift */,
				B5E835B52818009F00D36CF7 /* ContentView.swift */,
				B5E835B7281800A100D36CF7 /* Assets.xcassets */,
				B5E835B9281800A100D36CF7 /* Preview Content */,
			);
			path = "Natty's crib";
			sourceTree = "<group>";
		};
		B5E835B9281800A100D36CF7 /* Preview Content */ = {
			isa = PBXGroup;
			children = (
				B5E835BA281800A100D36CF7 /* Preview Assets.xcassets */,
			);
			path = "Preview Content";
			sourceTree = "<group>";
		};
		B5E835C3281800A100D36CF7 /* Natty's cribTests */ = {
			isa = PBXGroup;
			children = (
				B5E835C4281800A100D36CF7 /* Natty_s_cribTests.swift */,
			);
			path = "Natty's cribTests";
			sourceTree = "<group>";
		};
		B5E835CD281800A100D36CF7 /* Natty's cribUITests */ = {
			isa = PBXGroup;
			children = (
				B5E835CE281800A100D36CF7 /* Natty_s_cribUITests.swift */,
				B5E835D0281800A100D36CF7 /* Natty_s_cribUITestsLaunchTests.swift */,
			);
			path = "Natty's cribUITests";
			sourceTree = "<group>";
		};
/* End PBXGroup section */

/* Begin PBXNativeTarget section */
		B5E835AF2818009F00D36CF7 /* Natty's crib */ = {
			isa = PBXNativeTarget;
			buildConfigurationList = B5E835D4281800A100D36CF7 /* Build configuration list for PBXNativeTarget "Natty's crib" */;
			buildPhases = (
				B5E835AC2818009F00D36CF7 /* Sources */,
				B5E835AD2818009F00D36CF7 /* Frameworks */,
				B5E835AE2818009F00D36CF7 /* Resources */,
			);
			buildRules = (
			);
			dependencies = (
			);
			name = "Natty's crib";
			productName = "Natty's crib";
			productReference = B5E835B02818009F00D36CF7 /* Natty's crib.app */;
			productType = "com.apple.product-type.application";
		};
		B5E835BF281800A100D36CF7 /* Natty's cribTests */ = {
			isa = PBXNativeTarget;
			buildConfigurationList = B5E835D7281800A100D36CF7 /* Build configuration list for PBXNativeTarget "Natty's cribTests" */;
			buildPhases = (
				B5E835BC281800A100D36CF7 /* Sources */,
				B5E835BD281800A100D36CF7 /* Frameworks */,
				B5E835BE281800A100D36CF7 /* Resources */,
			);
			buildRules = (
			);
			dependencies = (
				B5E835C2281800A100D36CF7 /* PBXTargetDependency */,
			);
			name = "Natty's cribTests";
			productName = "Natty's cribTests";
			productReference = B5E835C0281800A100D36CF7 /* Natty's cribTests.xctest */;
			productType = "com.apple.product-type.bundle.unit-test";
		};
		B5E835C9281800A100D36CF7 /* Natty's cribUITests */ = {
			isa = PBXNativeTarget;
			buildConfigurationList = B5E835DA281800A100D36CF7 /* Build configuration list for PBXNativeTarget "Natty's cribUITests" */;
			buildPhases = (
				B5E835C6281800A100D36CF7 /* Sources */,
				B5E835C7281800A100D36CF7 /* Frameworks */,
				B5E835C8281800A100D36CF7 /* Resources */,
			);
			buildRules = (
			);
			dependencies = (
				B5E835CC281800A100D36CF7 /* PBXTargetDependency */,
			);
			name = "Natty's cribUITests";
			productName = "Natty's cribUITests";
			productReference = B5E835CA281800A100D36CF7 /* Natty's cribUITests.xctest */;
			productType = "com.apple.product-type.bundle.ui-testing";
		};
/* End PBXNativeTarget section */

/* Begin PBXProject section */
		B5E835A82818009F00D36CF7 /* Project object */ = {
			isa = PBXProject;
			attributes = {
				BuildIndependentTargetsInParallel = 1;
				LastSwiftUpdateCheck = 1330;
				LastUpgradeCheck = 1330;
				TargetAttributes = {
					B5E835AF2818009F00D36CF7 = {
						CreatedOnToolsVersion = 13.3.1;
					};
					B5E835BF281800A100D36CF7 = {
						CreatedOnToolsVersion = 13.3.1;
						TestTargetID = B5E835AF2818009F00D36CF7;
					};
					B5E835C9281800A100D36CF7 = {
						CreatedOnToolsVersion = 13.3.1;
						TestTargetID = B5E835AF2818009F00D36CF7;
					};
				};
			};
			buildConfigurationList = B5E835AB2818009F00D36CF7 /* Build configuration list for PBXProject "Natty's crib" */;
			compatibilityVersion = "Xcode 13.0";
			developmentRegion = en;
			hasScannedForEncodings = 0;
			knownRegions = (
				en,
				Base,
			);
			mainGroup = B5E835A72818009F00D36CF7;
			productRefGroup = B5E835B12818009F00D36CF7 /* Products */;
			projectDirPath = "";
			projectRoot = "";
			targets = (
				B5E835AF2818009F00D36CF7 /* Natty's crib */,
				B5E835BF281800A100D36CF7 /* Natty's cribTests */,
				B5E835C9281800A100D36CF7 /* Natty's cribUITests */,
			);
		};
/* End PBXProject section */

/* Begin PBXResourcesBuildPhase section */
		B5E835AE2818009F00D36CF7 /* Resources */ = {
			isa = PBXResourcesBuildPhase;
			buildActionMask = 2147483647;
			files = (
				B5E835BB281800A100D36CF7 /* Preview Assets.xcassets in Resources */,
				B5E835B8281800A100D36CF7 /* Assets.xcassets in Resources */,
			);
			runOnlyForDeploymentPostprocessing = 0;
		};
		B5E835BE281800A100D36CF7 /* Resources */ = {
			isa = PBXResourcesBuildPhase;
			buildActionMask = 2147483647;
			files = (
			);
			runOnlyForDeploymentPostprocessing = 0;
		};
		B5E835C8281800A100D36CF7 /* Resources */ = {
			isa = PBXResourcesBuildPhase;
			buildActionMask = 2147483647;
			files = (
			);
			runOnlyForDeploymentPostprocessing = 0;
		};
/* End PBXResourcesBuildPhase section */

/* Begin PBXSourcesBuildPhase section */
		B5E835AC2818009F00D36CF7 /* Sources */ = {
			isa = PBXSourcesBuildPhase;
			buildActionMask = 2147483647;
			files = (
				B5E835B62818009F00D36CF7 /* ContentView.swift in Sources */,
				B5E835B42818009F00D36CF7 /* Natty_s_cribApp.swift in Sources */,
			);
			runOnlyForDeploymentPostprocessing = 0;
		};
		B5E835BC281800A100D36CF7 /* Sources */ = {
			isa = PBXSourcesBuildPhase;
			buildActionMask = 2147483647;
			files = (
				B5E835C5281800A100D36CF7 /* Natty_s_cribTests.swift in Sources */,
			);
			runOnlyForDeploymentPostprocessing = 0;
		};
		B5E835C6281800A100D36CF7 /* Sources */ = {
			isa = PBXSourcesBuildPhase;
			buildActionMask = 2147483647;
			files = (
				B5E835CF281800A100D36CF7 /* Natty_s_cribUITests.swift in Sources */,
				B5E835D1281800A100D36CF7 /* Natty_s_cribUITestsLaunchTests.swift in Sources */,
			);
			runOnlyForDeploymentPostprocessing = 0;
		};
/* End PBXSourcesBuildPhase section */

/* Begin PBXTargetDependency section */
		B5E835C2281800A100D36CF7 /* PBXTargetDependency */ = {
			isa = PBXTargetDependency;
			target = B5E835AF2818009F00D36CF7 /* Natty's crib */;
			targetProxy = B5E835C1281800A100D36CF7 /* PBXContainerItemProxy */;
		};
		B5E835CC281800A100D36CF7 /* PBXTargetDependency */ = {
			isa = PBXTargetDependency;
			target = B5E835AF2818009F00D36CF7 /* Natty's crib */;
			targetProxy = B5E835CB281800A100D36CF7 /* PBXContainerItemProxy */;
		};
/* End PBXTargetDependency section */

/* Begin XCBuildConfiguration section */
		B5E835D2281800A100D36CF7 /* Debug */ = {
			isa = XCBuildConfiguration;
			buildSettings = {
				ALWAYS_SEARCH_USER_PATHS = NO;
				CLANG_ANALYZER_NONNULL = YES;
				CLANG_ANALYZER_NUMBER_OBJECT_CONVERSION = YES_AGGRESSIVE;
				CLANG_CXX_LANGUAGE_STANDARD = "gnu++17";
				CLANG_ENABLE_MODULES = YES;
				CLANG_ENABLE_OBJC_ARC = YES;
				CLANG_ENABLE_OBJC_WEAK = YES;
				CLANG_WARN_BLOCK_CAPTURE_AUTORELEASING = YES;
				CLANG_WARN_BOOL_CONVERSION = YES;
				CLANG_WARN_COMMA = YES;
				CLANG_WARN_CONSTANT_CONVERSION = YES;
				CLANG_WARN_DEPRECATED_OBJC_IMPLEMENTATIONS = YES;
				CLANG_WARN_DIRECT_OBJC_ISA_USAGE = YES_ERROR;
				CLANG_WARN_DOCUMENTATION_COMMENTS = YES;
				CLANG_WARN_EMPTY_BODY = YES;
				CLANG_WARN_ENUM_CONVERSION = YES;
				CLANG_WARN_INFINITE_RECURSION = YES;
				CLANG_WARN_INT_CONVERSION = YES;
				CLANG_WARN_NON_LITERAL_NULL_CONVERSION = YES;
				CLANG_WARN_OBJC_IMPLICIT_RETAIN_SELF = YES;
				CLANG_WARN_OBJC_LITERAL_CONVERSION = YES;
				CLANG_WARN_OBJC_ROOT_CLASS = YES_ERROR;
				CLANG_WARN_QUOTED_INCLUDE_IN_FRAMEWORK_HEADER = YES;
				CLANG_WARN_RANGE_LOOP_ANALYSIS = YES;
				CLANG_WARN_STRICT_PROTOTYPES = YES;
				CLANG_WARN_SUSPICIOUS_MOVE = YES;
				CLANG_WARN_UNGUARDED_AVAILABILITY = YES_AGGRESSIVE;
				CLANG_WARN_UNREACHABLE_CODE = YES;
				CLANG_WARN__DUPLICATE_METHOD_MATCH = YES;
				COPY_PHASE_STRIP = NO;
				DEBUG_INFORMATION_FORMAT = dwarf;
				ENABLE_STRICT_OBJC_MSGSEND = YES;
				ENABLE_TESTABILITY = YES;
				GCC_C_LANGUAGE_STANDARD = gnu11;
				GCC_DYNAMIC_NO_PIC = NO;
				GCC_NO_COMMON_BLOCKS = YES;
				GCC_OPTIMIZATION_LEVEL = 0;
				GCC_PREPROCESSOR_DEFINITIONS = (
					"DEBUG=1",
					"$(inherited)",
				);
				GCC_WARN_64_TO_32_BIT_CONVERSION = YES;
				GCC_WARN_ABOUT_RETURN_TYPE = YES_ERROR;
				GCC_WARN_UNDECLARED_SELECTOR = YES;
				GCC_WARN_UNINITIALIZED_AUTOS = YES_AGGRESSIVE;
				GCC_WARN_UNUSED_FUNCTION = YES;
				GCC_WARN_UNUSED_VARIABLE = YES;
				IPHONEOS_DEPLOYMENT_TARGET = 15.4;
				MTL_ENABLE_DEBUG_INFO = INCLUDE_SOURCE;
				MTL_FAST_MATH = YES;
				ONLY_ACTIVE_ARCH = YES;
				SDKROOT = iphoneos;
				SWIFT_ACTIVE_COMPILATION_CONDITIONS = DEBUG;
				SWIFT_OPTIMIZATION_LEVEL = "-Onone";
			};
			name = Debug;
		};
		B5E835D3281800A100D36CF7 /* Release */ = {
			isa = XCBuildConfiguration;
			buildSettings = {
				ALWAYS_SEARCH_USER_PATHS = NO;
				CLANG_ANALYZER_NONNULL = YES;
				CLANG_ANALYZER_NUMBER_OBJECT_CONVERSION = YES_AGGRESSIVE;
				CLANG_CXX_LANGUAGE_STANDARD = "gnu++17";
				CLANG_ENABLE_MODULES = YES;
				CLANG_ENABLE_OBJC_ARC = YES;
				CLANG_ENABLE_OBJC_WEAK = YES;
				CLANG_WARN_BLOCK_CAPTURE_AUTORELEASING = YES;
				CLANG_WARN_BOOL_CONVERSION = YES;
				CLANG_WARN_COMMA = YES;
				CLANG_WARN_CONSTANT_CONVERSION = YES;
				CLANG_WARN_DEPRECATED_OBJC_IMPLEMENTATIONS = YES;
				CLANG_WARN_DIRECT_OBJC_ISA_USAGE = YES_ERROR;
				CLANG_WARN_DOCUMENTATION_COMMENTS = YES;
				CLANG_WARN_EMPTY_BODY = YES;
				CLANG_WARN_ENUM_CONVERSION = YES;
				CLANG_WARN_INFINITE_RECURSION = YES;
				CLANG_WARN_INT_CONVERSION = YES;
				CLANG_WARN_NON_LITERAL_NULL_CONVERSION = YES;
				CLANG_WARN_OBJC_IMPLICIT_RETAIN_SELF = YES;
				CLANG_WARN_OBJC_LITERAL_CONVERSION = YES;
				CLANG_WARN_OBJC_ROOT_CLASS = YES_ERROR;
				CLANG_WARN_QUOTED_INCLUDE_IN_FRAMEWORK_HEADER = YES;
				CLANG_WARN_RANGE_LOOP_ANALYSIS = YES;
				CLANG_WARN_STRICT_PROTOTYPES = YES;
				CLANG_WARN_SUSPICIOUS_MOVE = YES;
				CLANG_WARN_UNGUARDED_AVAILABILITY = YES_AGGRESSIVE;
				CLANG_WARN_UNREACHABLE_CODE = YES;
				CLANG_WARN__DUPLICATE_METHOD_MATCH = YES;
				COPY_PHASE_STRIP = NO;
				DEBUG_INFORMATION_FORMAT = "dwarf-with-dsym";
				ENABLE_NS_ASSERTIONS = NO;
				ENABLE_STRICT_OBJC_MSGSEND = YES;
				GCC_C_LANGUAGE_STANDARD = gnu11;
				GCC_NO_COMMON_BLOCKS = YES;
				GCC_WARN_64_TO_32_BIT_CONVERSION = YES;
				GCC_WARN_ABOUT_RETURN_TYPE = YES_ERROR;
				GCC_WARN_UNDECLARED_SELECTOR = YES;
				GCC_WARN_UNINITIALIZED_AUTOS = YES_AGGRESSIVE;
				GCC_WARN_UNUSED_FUNCTION = YES;
				GCC_WARN_UNUSED_VARIABLE = YES;
				IPHONEOS_DEPLOYMENT_TARGET = 15.4;
				MTL_ENABLE_DEBUG_INFO = NO;
				MTL_FAST_MATH = YES;
				SDKROOT = iphoneos;
				SWIFT_COMPILATION_MODE = wholemodule;
				SWIFT_OPTIMIZATION_LEVEL = "-O";
				VALIDATE_PRODUCT = YES;
			};
			name = Release;
		};
		B5E835D5281800A100D36CF7 /* Debug */ = {
			isa = XCBuildConfiguration;
			buildSettings = {
				ASSETCATALOG_COMPILER_APPICON_NAME = AppIcon;
				ASSETCATALOG_COMPILER_GLOBAL_ACCENT_COLOR_NAME = AccentColor;
				CODE_SIGN_STYLE = Automatic;
				CURRENT_PROJECT_VERSION = 1;
				DEVELOPMENT_ASSET_PATHS = "\"Natty's crib/Preview Content\"";
				DEVELOPMENT_TEAM = 59KMA2Z9B3;
				ENABLE_PREVIEWS = YES;
				GENERATE_INFOPLIST_FILE = YES;
				INFOPLIST_KEY_UIApplicationSceneManifest_Generation = YES;
				INFOPLIST_KEY_UIApplicationSupportsIndirectInputEvents = YES;
				INFOPLIST_KEY_UILaunchScreen_Generation = YES;
				INFOPLIST_KEY_UISupportedInterfaceOrientations_iPad = "UIInterfaceOrientationPortrait UIInterfaceOrientationPortraitUpsideDown UIInterfaceOrientationLandscapeLeft UIInterfaceOrientationLandscapeRight";
				INFOPLIST_KEY_UISupportedInterfaceOrientations_iPhone = "UIInterfaceOrientationPortrait UIInterfaceOrientationLandscapeLeft UIInterfaceOrientationLandscapeRight";
				LD_RUNPATH_SEARCH_PATHS = (
					"$(inherited)",
					"@executable_path/Frameworks",
				);
				MARKETING_VERSION = 1.0;
				PRODUCT_BUNDLE_IDENTIFIER = "dart.Natty-s-crib";
				PRODUCT_NAME = "$(TARGET_NAME)";
				SWIFT_EMIT_LOC_STRINGS = YES;
				SWIFT_VERSION = 5.0;
				TARGETED_DEVICE_FAMILY = "1,2";
			};
			name = Debug;
		};
		B5E835D6281800A100D36CF7 /* Release */ = {
			isa = XCBuildConfiguration;
			buildSettings = {
				ASSETCATALOG_COMPILER_APPICON_NAME = AppIcon;
				ASSETCATALOG_COMPILER_GLOBAL_ACCENT_COLOR_NAME = AccentColor;
				CODE_SIGN_STYLE = Automatic;
				CURRENT_PROJECT_VERSION = 1;
				DEVELOPMENT_ASSET_PATHS = "\"Natty's crib/Preview Content\"";
				DEVELOPMENT_TEAM = 59KMA2Z9B3;
				ENABLE_PREVIEWS = YES;
				GENERATE_INFOPLIST_FILE = YES;
				INFOPLIST_KEY_UIApplicationSceneManifest_Generation = YES;
				INFOPLIST_KEY_UIApplicationSupportsIndirectInputEvents = YES;
				INFOPLIST_KEY_UILaunchScreen_Generation = YES;
				INFOPLIST_KEY_UISupportedInterfaceOrientations_iPad = "UIInterfaceOrientationPortrait UIInterfaceOrientationPortraitUpsideDown UIInterfaceOrientationLandscapeLeft UIInterfaceOrientationLandscapeRight";
				INFOPLIST_KEY_UISupportedInterfaceOrientations_iPhone = "UIInterfaceOrientationPortrait UIInterfaceOrientationLandscapeLeft UIInterfaceOrientationLandscapeRight";
				LD_RUNPATH_SEARCH_PATHS = (
					"$(inherited)",
					"@executable_path/Frameworks",
				);
				MARKETING_VERSION = 1.0;
				PRODUCT_BUNDLE_IDENTIFIER = "dart.Natty-s-crib";
				PRODUCT_NAME = "$(TARGET_NAME)";
				SWIFT_EMIT_LOC_STRINGS = YES;
				SWIFT_VERSION = 5.0;
				TARGETED_DEVICE_FAMILY = "1,2";
			};
			name = Release;
		};
		B5E835D8281800A100D36CF7 /* Debug */ = {
			isa = XCBuildConfiguration;
			buildSettings = {
				ALWAYS_EMBED_SWIFT_STANDARD_LIBRARIES = YES;
				BUNDLE_LOADER = "$(TEST_HOST)";
				CODE_SIGN_STYLE = Automatic;
				CURRENT_PROJECT_VERSION = 1;
				DEVELOPMENT_TEAM = 59KMA2Z9B3;
				GENERATE_INFOPLIST_FILE = YES;
				IPHONEOS_DEPLOYMENT_TARGET = 15.4;
				MARKETING_VERSION = 1.0;
				PRODUCT_BUNDLE_IDENTIFIER = "dart.Natty-s-cribTests";
				PRODUCT_NAME = "$(TARGET_NAME)";
				SWIFT_EMIT_LOC_STRINGS = NO;
				SWIFT_VERSION = 5.0;
				TARGETED_DEVICE_FAMILY = "1,2";
				TEST_HOST = "$(BUILT_PRODUCTS_DIR)/Natty's crib.app/Natty's crib";
			};
			name = Debug;
		};
		B5E835D9281800A100D36CF7 /* Release */ = {
			isa = XCBuildConfiguration;
			buildSettings = {
				ALWAYS_EMBED_SWIFT_STANDARD_LIBRARIES = YES;
				BUNDLE_LOADER = "$(TEST_HOST)";
				CODE_SIGN_STYLE = Automatic;
				CURRENT_PROJECT_VERSION = 1;
				DEVELOPMENT_TEAM = 59KMA2Z9B3;
				GENERATE_INFOPLIST_FILE = YES;
				IPHONEOS_DEPLOYMENT_TARGET = 15.4;
				MARKETING_VERSION = 1.0;
				PRODUCT_BUNDLE_IDENTIFIER = "dart.Natty-s-cribTests";
				PRODUCT_NAME = "$(TARGET_NAME)";
				SWIFT_EMIT_LOC_STRINGS = NO;
				SWIFT_VERSION = 5.0;
				TARGETED_DEVICE_FAMILY = "1,2";
				TEST_HOST = "$(BUILT_PRODUCTS_DIR)/Natty's crib.app/Natty's crib";
			};
			name = Release;
		};
		B5E835DB281800A100D36CF7 /* Debug */ = {
			isa = XCBuildConfiguration;
			buildSettings = {
				ALWAYS_EMBED_SWIFT_STANDARD_LIBRARIES = YES;
				CODE_SIGN_STYLE = Automatic;
				CURRENT_PROJECT_VERSION = 1;
				DEVELOPMENT_TEAM = 59KMA2Z9B3;
				GENERATE_INFOPLIST_FILE = YES;
				MARKETING_VERSION = 1.0;
				PRODUCT_BUNDLE_IDENTIFIER = "dart.Natty-s-cribUITests";
				PRODUCT_NAME = "$(TARGET_NAME)";
				SWIFT_EMIT_LOC_STRINGS = NO;
				SWIFT_VERSION = 5.0;
				TARGETED_DEVICE_FAMILY = "1,2";
				TEST_TARGET_NAME = "Natty's crib";
			};
			name = Debug;
		};
		B5E835DC281800A100D36CF7 /* Release */ = {
			isa = XCBuildConfiguration;
			buildSettings = {
				ALWAYS_EMBED_SWIFT_STANDARD_LIBRARIES = YES;
				CODE_SIGN_STYLE = Automatic;
				CURRENT_PROJECT_VERSION = 1;
				DEVELOPMENT_TEAM = 59KMA2Z9B3;
				GENERATE_INFOPLIST_FILE = YES;
				MARKETING_VERSION = 1.0;
				PRODUCT_BUNDLE_IDENTIFIER = "dart.Natty-s-cribUITests";
				PRODUCT_NAME = "$(TARGET_NAME)";
				SWIFT_EMIT_LOC_STRINGS = NO;
				SWIFT_VERSION = 5.0;
				TARGETED_DEVICE_FAMILY = "1,2";
				TEST_TARGET_NAME = "Natty's crib";
			};
			name = Release;
		};
/* End XCBuildConfiguration section */

/* Begin XCConfigurationList section */
		B5E835AB2818009F00D36CF7 /* Build configuration list for PBXProject "Natty's crib" */ = {
			isa = XCConfigurationList;
			buildConfigurations = (
				B5E835D2281800A100D36CF7 /* Debug */,
				B5E835D3281800A100D36CF7 /* Release */,
			);
			defaultConfigurationIsVisible = 0;
			defaultConfigurationName = Release;
		};
		B5E835D4281800A100D36CF7 /* Build configuration list for PBXNativeTarget "Natty's crib" */ = {
			isa = XCConfigurationList;
			buildConfigurations = (
				B5E835D5281800A100D36CF7 /* Debug */,
				B5E835D6281800A100D36CF7 /* Release */,
			);
			defaultConfigurationIsVisible = 0;
			defaultConfigurationName = Release;
		};
		B5E835D7281800A100D36CF7 /* Build configuration list for PBXNativeTarget "Natty's cribTests" */ = {
			isa = XCConfigurationList;
			buildConfigurations = (
				B5E835D8281800A100D36CF7 /* Debug */,
				B5E835D9281800A100D36CF7 /* Release */,
			);
			defaultConfigurationIsVisible = 0;
			defaultConfigurationName = Release;
		};
		B5E835DA281800A100D36CF7 /* Build configuration list for PBXNativeTarget "Natty's cribUITests" */ = {
			isa = XCConfigurationList;
			buildConfigurations = (
				B5E835DB281800A100D36CF7 /* Debug */,
				B5E835DC281800A100D36CF7 /* Release */,
			);
			defaultConfigurationIsVisible = 0;
			defaultConfigurationName = Release;
		};
/* End XCConfigurationList section */
	};
	rootObject = B5E835A82818009F00D36CF7 /* Project object */;
}
